
Microsoft Visual Studio Solution File, Format Version 12.00
# Visual Studio Version 17
VisualStudioVersion = 17.13.35919.96 d17.13
MinimumVisualStudioVersion = 10.0.40219.1
Project("{FAE04EC0-301F-11D3-BF4B-00C04F79EFBC}") = "ArtemisSync", "ArtemisSync\ArtemisSync.csproj", "{13C812E9-0D42-4B95-8646-40EEBF30636F}"
EndProject
Project("{FAE04EC0-301F-11D3-BF4B-00C04F79EFBC}") = "RelayClientProtocol", "FileRelaySystem\RelayUploadProtocol\RelayClientProtocol.csproj", "{BDE2DD94-4422-65BC-F615-A75B02F6D8A6}"
EndProject
Project("{FAE04EC0-301F-11D3-BF4B-00C04F79EFBC}") = "RelayCommonData", "FileRelaySystem\RelayStructs\RelayCommonData.csproj", "{1D37CD2E-0FCD-1CF2-7FBF-DF56ED1EEB47}"
EndProject
Project("{FAE04EC0-301F-11D3-BF4B-00C04F79EFBC}") = "RelayServerProtocol", "FileRelaySystem\RelayServerProtocol\RelayServerProtocol.csproj", "{4E7415F8-513B-7A47-8E12-20BE81016BC7}"
EndProject
Global
	GlobalSection(SolutionConfigurationPlatforms) = preSolution
		Debug|x64 = Debug|x64
		Release|x64 = Release|x64
	EndGlobalSection
	GlobalSection(ProjectConfigurationPlatforms) = postSolution
		{13C812E9-0D42-4B95-8646-40EEBF30636F}.Debug|x64.ActiveCfg = Debug|x64
		{13C812E9-0D42-4B95-8646-40EEBF30636F}.Debug|x64.Build.0 = Debug|x64
		{13C812E9-0D42-4B95-8646-40EEBF30636F}.Release|x64.ActiveCfg = Release|x64
		{13C812E9-0D42-4B95-8646-40EEBF30636F}.Release|x64.Build.0 = Release|x64
		{BDE2DD94-4422-65BC-F615-A75B02F6D8A6}.Debug|x64.ActiveCfg = Debug|Any CPU
		{BDE2DD94-4422-65BC-F615-A75B02F6D8A6}.Debug|x64.Build.0 = Debug|Any CPU
		{BDE2DD94-4422-65BC-F615-A75B02F6D8A6}.Release|x64.ActiveCfg = Release|Any CPU
		{BDE2DD94-4422-65BC-F615-A75B02F6D8A6}.Release|x64.Build.0 = Release|Any CPU
		{1D37CD2E-0FCD-1CF2-7FBF-DF56ED1EEB47}.Debug|x64.ActiveCfg = Debug|Any CPU
		{1D37CD2E-0FCD-1CF2-7FBF-DF56ED1EEB47}.Debug|x64.Build.0 = Debug|Any CPU
		{1D37CD2E-0FCD-1CF2-7FBF-DF56ED1EEB47}.Release|x64.ActiveCfg = Release|Any CPU
		{1D37CD2E-0FCD-1CF2-7FBF-DF56ED1EEB47}.Release|x64.Build.0 = Release|Any CPU
		{4E7415F8-513B-7A47-8E12-20BE81016BC7}.Debug|x64.ActiveCfg = Debug|Any CPU
		{4E7415F8-513B-7A47-8E12-20BE81016BC7}.Debug|x64.Build.0 = Debug|Any CPU
		{4E7415F8-513B-7A47-8E12-20BE81016BC7}.Release|x64.ActiveCfg = Release|Any CPU
		{4E7415F8-513B-7A47-8E12-20BE81016BC7}.Release|x64.Build.0 = Release|Any CPU
	EndGlobalSection
	GlobalSection(SolutionProperties) = preSolution
		HideSolutionNode = FALSE
	EndGlobalSection
	GlobalSection(ExtensibilityGlobals) = postSolution
		SolutionGuid = {B17E85B1-5F60-4440-9F9A-3DDE877E8CDF}
	EndGlobalSection
EndGlobal
